
Microsoft Visual Studio Solution File, Format Version 12.00
Project("{F2A71F9B-5D33-465A-A702-920D77279786}") = "task5", "task5\task5.fsproj", "{24B25935-73C2-453D-A4A7-6E54EBC2FB94}"
EndProject
Project("{F2A71F9B-5D33-465A-A702-920D77279786}") = "Tests", "Tests\Tests.fsproj", "{3802EDD4-BC57-4F99-9711-81E2218A5DBC}"
EndProject
Global
	GlobalSection(SolutionConfigurationPlatforms) = preSolution
		Debug|Any CPU = Debug|Any CPU
		Release|Any CPU = Release|Any CPU
	EndGlobalSection
	GlobalSection(ProjectConfigurationPlatforms) = postSolution
		{24B25935-73C2-453D-A4A7-6E54EBC2FB94}.Debug|Any CPU.ActiveCfg = Debug|Any CPU
		{24B25935-73C2-453D-A4A7-6E54EBC2FB94}.Debug|Any CPU.Build.0 = Debug|Any CPU
		{24B25935-73C2-453D-A4A7-6E54EBC2FB94}.Release|Any CPU.ActiveCfg = Release|Any CPU
		{24B25935-73C2-453D-A4A7-6E54EBC2FB94}.Release|Any CPU.Build.0 = Release|Any CPU
		{3802EDD4-BC57-4F99-9711-81E2218A5DBC}.Debug|Any CPU.ActiveCfg = Debug|Any CPU
		{3802EDD4-BC57-4F99-9711-81E2218A5DBC}.Debug|Any CPU.Build.0 = Debug|Any CPU
		{3802EDD4-BC57-4F99-9711-81E2218A5DBC}.Release|Any CPU.ActiveCfg = Release|Any CPU
		{3802EDD4-BC57-4F99-9711-81E2218A5DBC}.Release|Any CPU.Build.0 = Release|Any CPU
	EndGlobalSection
EndGlobal
