
Microsoft Visual Studio Solution File, Format Version 12.00
# Visual Studio 15
VisualStudioVersion = 15.0.27130.2027
MinimumVisualStudioVersion = 10.0.40219.1
Project("{F2A71F9B-5D33-465A-A702-920D77279786}") = "3", "3\3.fsproj", "{80B2B5F2-3112-486C-BBE5-4D42E2D768F9}"
EndProject
Global
	GlobalSection(SolutionConfigurationPlatforms) = preSolution
		Debug|Any CPU = Debug|Any CPU
		Release|Any CPU = Release|Any CPU
	EndGlobalSection
	GlobalSection(ProjectConfigurationPlatforms) = postSolution
		{80B2B5F2-3112-486C-BBE5-4D42E2D768F9}.Debug|Any CPU.ActiveCfg = Debug|Any CPU
		{80B2B5F2-3112-486C-BBE5-4D42E2D768F9}.Debug|Any CPU.Build.0 = Debug|Any CPU
		{80B2B5F2-3112-486C-BBE5-4D42E2D768F9}.Release|Any CPU.ActiveCfg = Release|Any CPU
		{80B2B5F2-3112-486C-BBE5-4D42E2D768F9}.Release|Any CPU.Build.0 = Release|Any CPU
	EndGlobalSection
	GlobalSection(SolutionProperties) = preSolution
		HideSolutionNode = FALSE
	EndGlobalSection
	GlobalSection(ExtensibilityGlobals) = postSolution
		SolutionGuid = {C52FD284-61DC-45D0-8856-EC803569DC59}
	EndGlobalSection
EndGlobal
