
Microsoft Visual Studio Solution File, Format Version 12.00
# Visual Studio 15
VisualStudioVersion = 15.0.27004.2010
MinimumVisualStudioVersion = 10.0.40219.1
Project("{FAE04EC0-301F-11D3-BF4B-00C04F79EFBC}") = "MyPaint", "MyPaint\MyPaint.csproj", "{21488383-61FC-4249-8C61-9A950A2D70AB}"
EndProject
Project("{FAE04EC0-301F-11D3-BF4B-00C04F79EFBC}") = "Test", "Test\Test.csproj", "{D2B3553C-DA42-4D75-8577-ACD82C942AE9}"
EndProject
Global
	GlobalSection(SolutionConfigurationPlatforms) = preSolution
		Debug|Any CPU = Debug|Any CPU
		Release|Any CPU = Release|Any CPU
	EndGlobalSection
	GlobalSection(ProjectConfigurationPlatforms) = postSolution
		{21488383-61FC-4249-8C61-9A950A2D70AB}.Debug|Any CPU.ActiveCfg = Debug|Any CPU
		{21488383-61FC-4249-8C61-9A950A2D70AB}.Debug|Any CPU.Build.0 = Debug|Any CPU
		{21488383-61FC-4249-8C61-9A950A2D70AB}.Release|Any CPU.ActiveCfg = Release|Any CPU
		{21488383-61FC-4249-8C61-9A950A2D70AB}.Release|Any CPU.Build.0 = Release|Any CPU
		{D2B3553C-DA42-4D75-8577-ACD82C942AE9}.Debug|Any CPU.ActiveCfg = Debug|Any CPU
		{D2B3553C-DA42-4D75-8577-ACD82C942AE9}.Debug|Any CPU.Build.0 = Debug|Any CPU
		{D2B3553C-DA42-4D75-8577-ACD82C942AE9}.Release|Any CPU.ActiveCfg = Release|Any CPU
		{D2B3553C-DA42-4D75-8577-ACD82C942AE9}.Release|Any CPU.Build.0 = Release|Any CPU
	EndGlobalSection
	GlobalSection(SolutionProperties) = preSolution
		HideSolutionNode = FALSE
	EndGlobalSection
	GlobalSection(ExtensibilityGlobals) = postSolution
		SolutionGuid = {611DB163-52A8-436E-A21D-2506744675B2}
	EndGlobalSection
EndGlobal
