
Microsoft Visual Studio Solution File, Format Version 12.00
Project("{F2A71F9B-5D33-465A-A702-920D77279786}") = "task7", "task7\task7.fsproj", "{322E554F-30A3-4190-9AD5-92161F421F36}"
EndProject
Project("{F2A71F9B-5D33-465A-A702-920D77279786}") = "tests", "tests\tests.fsproj", "{DD7BDEF0-2640-4873-9714-311973C8A16D}"
EndProject
Global
	GlobalSection(SolutionConfigurationPlatforms) = preSolution
		Debug|Any CPU = Debug|Any CPU
		Release|Any CPU = Release|Any CPU
	EndGlobalSection
	GlobalSection(ProjectConfigurationPlatforms) = postSolution
		{322E554F-30A3-4190-9AD5-92161F421F36}.Debug|Any CPU.ActiveCfg = Debug|Any CPU
		{322E554F-30A3-4190-9AD5-92161F421F36}.Debug|Any CPU.Build.0 = Debug|Any CPU
		{322E554F-30A3-4190-9AD5-92161F421F36}.Release|Any CPU.ActiveCfg = Release|Any CPU
		{322E554F-30A3-4190-9AD5-92161F421F36}.Release|Any CPU.Build.0 = Release|Any CPU
		{DD7BDEF0-2640-4873-9714-311973C8A16D}.Debug|Any CPU.ActiveCfg = Debug|Any CPU
		{DD7BDEF0-2640-4873-9714-311973C8A16D}.Debug|Any CPU.Build.0 = Debug|Any CPU
		{DD7BDEF0-2640-4873-9714-311973C8A16D}.Release|Any CPU.ActiveCfg = Release|Any CPU
		{DD7BDEF0-2640-4873-9714-311973C8A16D}.Release|Any CPU.Build.0 = Release|Any CPU
	EndGlobalSection
EndGlobal
