
Microsoft Visual Studio Solution File, Format Version 12.00
# Visual Studio 15
VisualStudioVersion = 15.0.27130.2027
MinimumVisualStudioVersion = 10.0.40219.1
Project("{F2A71F9B-5D33-465A-A702-920D77279786}") = "1", "1\1.fsproj", "{12958CC3-9A23-403B-B8BB-3F57028489C5}"
EndProject
Global
	GlobalSection(SolutionConfigurationPlatforms) = preSolution
		Debug|Any CPU = Debug|Any CPU
		Release|Any CPU = Release|Any CPU
	EndGlobalSection
	GlobalSection(ProjectConfigurationPlatforms) = postSolution
		{12958CC3-9A23-403B-B8BB-3F57028489C5}.Debug|Any CPU.ActiveCfg = Debug|Any CPU
		{12958CC3-9A23-403B-B8BB-3F57028489C5}.Debug|Any CPU.Build.0 = Debug|Any CPU
		{12958CC3-9A23-403B-B8BB-3F57028489C5}.Release|Any CPU.ActiveCfg = Release|Any CPU
		{12958CC3-9A23-403B-B8BB-3F57028489C5}.Release|Any CPU.Build.0 = Release|Any CPU
	EndGlobalSection
	GlobalSection(SolutionProperties) = preSolution
		HideSolutionNode = FALSE
	EndGlobalSection
	GlobalSection(ExtensibilityGlobals) = postSolution
		SolutionGuid = {CCDC64C3-867D-4569-882D-9F540901845A}
	EndGlobalSection
EndGlobal
