
Microsoft Visual Studio Solution File, Format Version 12.00
Project("{F2A71F9B-5D33-465A-A702-920D77279786}") = "task6", "task6\task6.fsproj", "{791D9F12-30F6-4786-BA5A-3D1FC7929901}"
EndProject
Project("{F2A71F9B-5D33-465A-A702-920D77279786}") = "Tests", "Tests\Tests.fsproj", "{8F3B9A3A-6627-4358-A660-E287593C277B}"
EndProject
Global
	GlobalSection(SolutionConfigurationPlatforms) = preSolution
		Debug|Any CPU = Debug|Any CPU
		Release|Any CPU = Release|Any CPU
	EndGlobalSection
	GlobalSection(ProjectConfigurationPlatforms) = postSolution
		{791D9F12-30F6-4786-BA5A-3D1FC7929901}.Debug|Any CPU.ActiveCfg = Debug|Any CPU
		{791D9F12-30F6-4786-BA5A-3D1FC7929901}.Debug|Any CPU.Build.0 = Debug|Any CPU
		{791D9F12-30F6-4786-BA5A-3D1FC7929901}.Release|Any CPU.ActiveCfg = Release|Any CPU
		{791D9F12-30F6-4786-BA5A-3D1FC7929901}.Release|Any CPU.Build.0 = Release|Any CPU
		{8F3B9A3A-6627-4358-A660-E287593C277B}.Debug|Any CPU.ActiveCfg = Debug|Any CPU
		{8F3B9A3A-6627-4358-A660-E287593C277B}.Debug|Any CPU.Build.0 = Debug|Any CPU
		{8F3B9A3A-6627-4358-A660-E287593C277B}.Release|Any CPU.ActiveCfg = Release|Any CPU
		{8F3B9A3A-6627-4358-A660-E287593C277B}.Release|Any CPU.Build.0 = Release|Any CPU
	EndGlobalSection
EndGlobal
