
Microsoft Visual Studio Solution File, Format Version 12.00
Project("{F2A71F9B-5D33-465A-A702-920D77279786}") = "task3", "task3\task3.fsproj", "{A9FF3F4C-D109-446D-BDCB-040038747A19}"
EndProject
Project("{F2A71F9B-5D33-465A-A702-920D77279786}") = "Tests", "Tests\Tests.fsproj", "{B77E8B86-0732-4DEA-B9FC-2117B817152C}"
EndProject
Global
	GlobalSection(SolutionConfigurationPlatforms) = preSolution
		Debug|Any CPU = Debug|Any CPU
		Release|Any CPU = Release|Any CPU
	EndGlobalSection
	GlobalSection(ProjectConfigurationPlatforms) = postSolution
		{A9FF3F4C-D109-446D-BDCB-040038747A19}.Debug|Any CPU.ActiveCfg = Debug|Any CPU
		{A9FF3F4C-D109-446D-BDCB-040038747A19}.Debug|Any CPU.Build.0 = Debug|Any CPU
		{A9FF3F4C-D109-446D-BDCB-040038747A19}.Release|Any CPU.ActiveCfg = Release|Any CPU
		{A9FF3F4C-D109-446D-BDCB-040038747A19}.Release|Any CPU.Build.0 = Release|Any CPU
		{B77E8B86-0732-4DEA-B9FC-2117B817152C}.Debug|Any CPU.ActiveCfg = Debug|Any CPU
		{B77E8B86-0732-4DEA-B9FC-2117B817152C}.Debug|Any CPU.Build.0 = Debug|Any CPU
		{B77E8B86-0732-4DEA-B9FC-2117B817152C}.Release|Any CPU.ActiveCfg = Release|Any CPU
		{B77E8B86-0732-4DEA-B9FC-2117B817152C}.Release|Any CPU.Build.0 = Release|Any CPU
	EndGlobalSection
EndGlobal
