
Microsoft Visual Studio Solution File, Format Version 12.00
# Visual Studio 2013
VisualStudioVersion = 12.0.0.0
MinimumVisualStudioVersion = 10.0.0.1
Project("{FAE04EC0-301F-11D3-BF4B-00C04F79EFBC}") = "BinarySearchTree", "BinarySearchTree/BinarySearchTree.csproj", "{C39F088E-6BF1-4D71-BAA0-60CEB1804D7A}"
EndProject
Project("{FAE04EC0-301F-11D3-BF4B-00C04F79EFBC}") = "Test", "Test\Test.csproj", "{02BE804E-CCF9-4AB3-B303-4C2E3AA8B3E3}"
EndProject
Global
	GlobalSection(SolutionConfigurationPlatforms) = preSolution
		Debug|Any CPU = Debug|Any CPU
		Release|Any CPU = Release|Any CPU
	EndGlobalSection
	GlobalSection(ProjectConfigurationPlatforms) = postSolution
		{C39F088E-6BF1-4D71-BAA0-60CEB1804D7A}.Debug|Any CPU.ActiveCfg = Debug|Any CPU
		{C39F088E-6BF1-4D71-BAA0-60CEB1804D7A}.Debug|Any CPU.Build.0 = Debug|Any CPU
		{C39F088E-6BF1-4D71-BAA0-60CEB1804D7A}.Release|Any CPU.ActiveCfg = Release|Any CPU
		{C39F088E-6BF1-4D71-BAA0-60CEB1804D7A}.Release|Any CPU.Build.0 = Release|Any CPU
		{02BE804E-CCF9-4AB3-B303-4C2E3AA8B3E3}.Debug|Any CPU.ActiveCfg = Debug|Any CPU
		{02BE804E-CCF9-4AB3-B303-4C2E3AA8B3E3}.Debug|Any CPU.Build.0 = Debug|Any CPU
		{02BE804E-CCF9-4AB3-B303-4C2E3AA8B3E3}.Release|Any CPU.ActiveCfg = Release|Any CPU
		{02BE804E-CCF9-4AB3-B303-4C2E3AA8B3E3}.Release|Any CPU.Build.0 = Release|Any CPU
	EndGlobalSection
	GlobalSection(SolutionProperties) = preSolution
		HideSolutionNode = FALSE
	EndGlobalSection
EndGlobal
